
Microsoft Visual Studio Solution File, Format Version 12.00
# Visual Studio Version 17
VisualStudioVersion = 17.11.35222.181
MinimumVisualStudioVersion = 10.0.40219.1
Project("{FAE04EC0-301F-11D3-BF4B-00C04F79EFBC}") = "real-time-chat-web", "real-time-chat-web.csproj", "{EF9DB25A-0CA7-48ED-8F6D-59C913C8E3F9}"
EndProject
Global
	GlobalSection(SolutionConfigurationPlatforms) = preSolution
		Debug|Any CPU = Debug|Any CPU
		Release|Any CPU = Release|Any CPU
	EndGlobalSection
	GlobalSection(ProjectConfigurationPlatforms) = postSolution
		{EF9DB25A-0CA7-48ED-8F6D-59C913C8E3F9}.Debug|Any CPU.ActiveCfg = Debug|Any CPU
		{EF9DB25A-0CA7-48ED-8F6D-59C913C8E3F9}.Debug|Any CPU.Build.0 = Debug|Any CPU
		{EF9DB25A-0CA7-48ED-8F6D-59C913C8E3F9}.Release|Any CPU.ActiveCfg = Release|Any CPU
		{EF9DB25A-0CA7-48ED-8F6D-59C913C8E3F9}.Release|Any CPU.Build.0 = Release|Any CPU
	EndGlobalSection
	GlobalSection(SolutionProperties) = preSolution
		HideSolutionNode = FALSE
	EndGlobalSection
	GlobalSection(ExtensibilityGlobals) = postSolution
		SolutionGuid = {08A68437-C30A-48E1-9685-ACF7BDB29CC6}
	EndGlobalSection
EndGlobal
